
Microsoft Visual Studio Solution File, Format Version 12.00
# Visual Studio Version 16
VisualStudioVersion = 16.0.28803.156
MinimumVisualStudioVersion = 10.0.40219.1
Project("{FAE04EC0-301F-11D3-BF4B-00C04F79EFBC}") = "AdvertApi", "AdvertApi\AdvertApi.csproj", "{8532904F-903A-469A-97A6-40D64D60BE81}"
EndProject
Project("{FAE04EC0-301F-11D3-BF4B-00C04F79EFBC}") = "AdvertApi.Models", "..\AdvertApi.Models\AdvertApi.Models.csproj", "{6A35B793-A18F-421F-B866-D35283F2BCFB}"
EndProject
Global
	GlobalSection(SolutionConfigurationPlatforms) = preSolution
		Debug|Any CPU = Debug|Any CPU
		Release|Any CPU = Release|Any CPU
	EndGlobalSection
	GlobalSection(ProjectConfigurationPlatforms) = postSolution
		{8532904F-903A-469A-97A6-40D64D60BE81}.Debug|Any CPU.ActiveCfg = Debug|Any CPU
		{8532904F-903A-469A-97A6-40D64D60BE81}.Debug|Any CPU.Build.0 = Debug|Any CPU
		{8532904F-903A-469A-97A6-40D64D60BE81}.Release|Any CPU.ActiveCfg = Release|Any CPU
		{8532904F-903A-469A-97A6-40D64D60BE81}.Release|Any CPU.Build.0 = Release|Any CPU
		{6A35B793-A18F-421F-B866-D35283F2BCFB}.Debug|Any CPU.ActiveCfg = Debug|Any CPU
		{6A35B793-A18F-421F-B866-D35283F2BCFB}.Debug|Any CPU.Build.0 = Debug|Any CPU
		{6A35B793-A18F-421F-B866-D35283F2BCFB}.Release|Any CPU.ActiveCfg = Release|Any CPU
		{6A35B793-A18F-421F-B866-D35283F2BCFB}.Release|Any CPU.Build.0 = Release|Any CPU
	EndGlobalSection
	GlobalSection(SolutionProperties) = preSolution
		HideSolutionNode = FALSE
	EndGlobalSection
	GlobalSection(ExtensibilityGlobals) = postSolution
		SolutionGuid = {27F8332C-B9DD-49BE-A689-4EFCD617504A}
	EndGlobalSection
EndGlobal
